
Microsoft Visual Studio Solution File, Format Version 12.00
# Visual Studio 15
VisualStudioVersion = 15.0.27130.2003
MinimumVisualStudioVersion = 10.0.40219.1
Project("{FAE04EC0-301F-11D3-BF4B-00C04F79EFBC}") = "JenkinsTestMvc", "JenkinsTestMvc\JenkinsTestMvc.csproj", "{3356868D-5D87-4036-ABB9-355523D5A2D6}"
EndProject
Global
	GlobalSection(SolutionConfigurationPlatforms) = preSolution
		Debug|Any CPU = Debug|Any CPU
		Release|Any CPU = Release|Any CPU
	EndGlobalSection
	GlobalSection(ProjectConfigurationPlatforms) = postSolution
		{3356868D-5D87-4036-ABB9-355523D5A2D6}.Debug|Any CPU.ActiveCfg = Debug|Any CPU
		{3356868D-5D87-4036-ABB9-355523D5A2D6}.Debug|Any CPU.Build.0 = Debug|Any CPU
		{3356868D-5D87-4036-ABB9-355523D5A2D6}.Release|Any CPU.ActiveCfg = Release|Any CPU
		{3356868D-5D87-4036-ABB9-355523D5A2D6}.Release|Any CPU.Build.0 = Release|Any CPU
	EndGlobalSection
	GlobalSection(SolutionProperties) = preSolution
		HideSolutionNode = FALSE
	EndGlobalSection
	GlobalSection(ExtensibilityGlobals) = postSolution
		SolutionGuid = {1E9E4171-6617-42EF-A633-5BF6A9BCC214}
	EndGlobalSection
EndGlobal
